
Microsoft Visual Studio Solution File, Format Version 12.00
# Visual Studio Version 17
VisualStudioVersion = 17.9.34728.123
MinimumVisualStudioVersion = 10.0.40219.1
Project("{9A19103F-16F7-4668-BE54-9A1E7A4F7556}") = "SinerjiPanel", "SinerjiPanel.csproj", "{C1368871-C710-4005-BE18-3A5ED283E57B}"
EndProject
Project("{9A19103F-16F7-4668-BE54-9A1E7A4F7556}") = "SinerjiPanelNetOpenX", "..\SinerjiPanelNetOpenX\SinerjiPanelNetOpenX.csproj", "{6B2F8622-4077-4E26-BE4B-87DC4437EBA0}"
EndProject
Global
	GlobalSection(SolutionConfigurationPlatforms) = preSolution
		Debug|Any CPU = Debug|Any CPU
		Debug|x86 = Debug|x86
		Release|Any CPU = Release|Any CPU
		Release|x86 = Release|x86
	EndGlobalSection
	GlobalSection(ProjectConfigurationPlatforms) = postSolution
		{C1368871-C710-4005-BE18-3A5ED283E57B}.Debug|Any CPU.ActiveCfg = Debug|Any CPU
		{C1368871-C710-4005-BE18-3A5ED283E57B}.Debug|Any CPU.Build.0 = Debug|Any CPU
		{C1368871-C710-4005-BE18-3A5ED283E57B}.Debug|x86.ActiveCfg = Debug|Any CPU
		{C1368871-C710-4005-BE18-3A5ED283E57B}.Debug|x86.Build.0 = Debug|Any CPU
		{C1368871-C710-4005-BE18-3A5ED283E57B}.Release|Any CPU.ActiveCfg = Release|Any CPU
		{C1368871-C710-4005-BE18-3A5ED283E57B}.Release|Any CPU.Build.0 = Release|Any CPU
		{C1368871-C710-4005-BE18-3A5ED283E57B}.Release|x86.ActiveCfg = Release|Any CPU
		{C1368871-C710-4005-BE18-3A5ED283E57B}.Release|x86.Build.0 = Release|Any CPU
		{6B2F8622-4077-4E26-BE4B-87DC4437EBA0}.Debug|Any CPU.ActiveCfg = Debug|Any CPU
		{6B2F8622-4077-4E26-BE4B-87DC4437EBA0}.Debug|Any CPU.Build.0 = Debug|Any CPU
		{6B2F8622-4077-4E26-BE4B-87DC4437EBA0}.Debug|x86.ActiveCfg = Debug|x86
		{6B2F8622-4077-4E26-BE4B-87DC4437EBA0}.Debug|x86.Build.0 = Debug|x86
		{6B2F8622-4077-4E26-BE4B-87DC4437EBA0}.Release|Any CPU.ActiveCfg = Release|Any CPU
		{6B2F8622-4077-4E26-BE4B-87DC4437EBA0}.Release|Any CPU.Build.0 = Release|Any CPU
		{6B2F8622-4077-4E26-BE4B-87DC4437EBA0}.Release|x86.ActiveCfg = Release|x86
		{6B2F8622-4077-4E26-BE4B-87DC4437EBA0}.Release|x86.Build.0 = Release|x86
	EndGlobalSection
	GlobalSection(SolutionProperties) = preSolution
		HideSolutionNode = FALSE
	EndGlobalSection
	GlobalSection(ExtensibilityGlobals) = postSolution
		SolutionGuid = {C6908EC2-CDB2-4F77-BEF9-7A9161932988}
	EndGlobalSection
EndGlobal
